
Microsoft Visual Studio Solution File, Format Version 12.00
# Visual Studio Version 16
VisualStudioVersion = 16.0.29519.87
MinimumVisualStudioVersion = 10.0.40219.1
Project("{9A19103F-16F7-4668-BE54-9A1E7A4F7556}") = "BlazorTicTacToe", "TicTacToeAIGame\BlazorTicTacToe.csproj", "{03B88BFC-586C-4150-9E58-0E37D307C007}"
EndProject
Project("{9A19103F-16F7-4668-BE54-9A1E7A4F7556}") = "TicTacToeGame", "TicTacToeGame\TicTacToeGame.csproj", "{E858DD5F-07DF-4A49-A446-56BC20C0AD66}"
EndProject
Global
	GlobalSection(SolutionConfigurationPlatforms) = preSolution
		Debug|Any CPU = Debug|Any CPU
		Release|Any CPU = Release|Any CPU
	EndGlobalSection
	GlobalSection(ProjectConfigurationPlatforms) = postSolution
		{03B88BFC-586C-4150-9E58-0E37D307C007}.Debug|Any CPU.ActiveCfg = Debug|Any CPU
		{03B88BFC-586C-4150-9E58-0E37D307C007}.Debug|Any CPU.Build.0 = Debug|Any CPU
		{03B88BFC-586C-4150-9E58-0E37D307C007}.Release|Any CPU.ActiveCfg = Release|Any CPU
		{03B88BFC-586C-4150-9E58-0E37D307C007}.Release|Any CPU.Build.0 = Release|Any CPU
		{E858DD5F-07DF-4A49-A446-56BC20C0AD66}.Debug|Any CPU.ActiveCfg = Debug|Any CPU
		{E858DD5F-07DF-4A49-A446-56BC20C0AD66}.Debug|Any CPU.Build.0 = Debug|Any CPU
		{E858DD5F-07DF-4A49-A446-56BC20C0AD66}.Release|Any CPU.ActiveCfg = Release|Any CPU
		{E858DD5F-07DF-4A49-A446-56BC20C0AD66}.Release|Any CPU.Build.0 = Release|Any CPU
	EndGlobalSection
	GlobalSection(SolutionProperties) = preSolution
		HideSolutionNode = FALSE
	EndGlobalSection
	GlobalSection(ExtensibilityGlobals) = postSolution
		SolutionGuid = {2EBEA0D6-0C53-402F-B9EB-7EFBFC66D29E}
	EndGlobalSection
EndGlobal
